
Microsoft Visual Studio Solution File, Format Version 12.00
# Visual Studio 2012
Project("{8BC9CEB8-8B4A-11D0-8D11-00A0C91BC942}") = "pyunqlite", "pyunqlite.vcxproj", "{163A1F94-DCFF-427F-B61D-315BF4B4692A}"
EndProject
Global
	GlobalSection(SolutionConfigurationPlatforms) = preSolution
		Debug|Win32 = Debug|Win32
		Release|Win32 = Release|Win32
	EndGlobalSection
	GlobalSection(ProjectConfigurationPlatforms) = postSolution
		{163A1F94-DCFF-427F-B61D-315BF4B4692A}.Debug|Win32.ActiveCfg = Release|Win32
		{163A1F94-DCFF-427F-B61D-315BF4B4692A}.Debug|Win32.Build.0 = Release|Win32
		{163A1F94-DCFF-427F-B61D-315BF4B4692A}.Release|Win32.ActiveCfg = Release|Win32
		{163A1F94-DCFF-427F-B61D-315BF4B4692A}.Release|Win32.Build.0 = Release|Win32
	EndGlobalSection
	GlobalSection(SolutionProperties) = preSolution
		HideSolutionNode = FALSE
	EndGlobalSection
EndGlobal
